# @generated by Move, please check-in and do not edit manually.

[move]
version = 2
manifest_digest = "46C07DAD89633F0C29D51128BE72EFFB7B3198D75E29FA05D101DC8E87CC51FA"
deps_digest = "F8BBB0CCB2491CA29A3DF03D6F92277A4F3574266507ACD77214D37ECA3F3082"
dependencies = [
  { name = "Sui" },
]

[[move.package]]
name = "MoveStdlib"
source = { git = "https://github.com/MystenLabs/sui.git", rev = "framework/testnet", subdir = "crates/sui-framework/packages/move-stdlib" }

[[move.package]]
name = "Sui"
source = { git = "https://github.com/MystenLabs/sui.git", rev = "framework/testnet", subdir = "crates/sui-framework/packages/sui-framework" }

dependencies = [
  { name = "MoveStdlib" },
]

[move.toolchain-version]
compiler-version = "1.27.0"
edition = "2024.beta"
flavor = "sui"

[env]

[env.devnet]
chain-id = "ddb98719"
published-at = "0x494f35d17b525c599d031797e748242dde071d213a6493a8fbe70df21b5e5f75"
original-published-id = "0x9ca8b457b763d9c70a836631d2f70e691df8d130bb63554c42d780fa7a7aa941"
latest-published-id = "0x9ca8b457b763d9c70a836631d2f70e691df8d130bb63554c42d780fa7a7aa941"
published-version = "1"
